
Microsoft Visual Studio Solution File, Format Version 12.00
# Visual Studio Version 17
VisualStudioVersion = 17.5.002.0
MinimumVisualStudioVersion = 10.0.40219.1
Project("{9A19103F-16F7-4668-BE54-9A1E7A4F7556}") = "Back End", "Back End\Back End.csproj", "{D9053045-8F7E-4557-99ED-6DF58271C4DF}"
EndProject
Global
	GlobalSection(SolutionConfigurationPlatforms) = preSolution
		Debug|Any CPU = Debug|Any CPU
		Release|Any CPU = Release|Any CPU
	EndGlobalSection
	GlobalSection(ProjectConfigurationPlatforms) = postSolution
		{D9053045-8F7E-4557-99ED-6DF58271C4DF}.Debug|Any CPU.ActiveCfg = Debug|Any CPU
		{D9053045-8F7E-4557-99ED-6DF58271C4DF}.Debug|Any CPU.Build.0 = Debug|Any CPU
		{D9053045-8F7E-4557-99ED-6DF58271C4DF}.Release|Any CPU.ActiveCfg = Release|Any CPU
		{D9053045-8F7E-4557-99ED-6DF58271C4DF}.Release|Any CPU.Build.0 = Release|Any CPU
	EndGlobalSection
	GlobalSection(SolutionProperties) = preSolution
		HideSolutionNode = FALSE
	EndGlobalSection
	GlobalSection(ExtensibilityGlobals) = postSolution
		SolutionGuid = {4EEFA21E-A276-4418-855D-A78F835A66A0}
	EndGlobalSection
EndGlobal
